
Microsoft Visual Studio Solution File, Format Version 12.00
# Visual Studio Version 17
VisualStudioVersion = 17.3.32804.467
MinimumVisualStudioVersion = 10.0.40219.1
Project("{9A19103F-16F7-4668-BE54-9A1E7A4F7556}") = "CashlessRegistration.Register.API", "CashlessRegistration.Register.API\CashlessRegistration.Register.API.csproj", "{163F2E97-4373-4142-9EF2-573FB9413051}"
EndProject
Project("{2150E333-8FDC-42A3-9474-1A3956D46DE8}") = "src", "src", "{F4926ED8-86B2-4FC6-9E42-3B569D4CB076}"
EndProject
Project("{9A19103F-16F7-4668-BE54-9A1E7A4F7556}") = "CashlessRegistration.Token.API", "CashlessRegistration.Token.API\CashlessRegistration.Token.API.csproj", "{6022CB64-9C6B-4029-856A-1EB782DF3E9C}"
EndProject
Project("{9A19103F-16F7-4668-BE54-9A1E7A4F7556}") = "CashlessRegistration.Domain", "src\CashlessRegistration.Domain\CashlessRegistration.Domain.csproj", "{82D1C188-43B4-4FA4-924B-375DD80253C8}"
EndProject
Project("{9A19103F-16F7-4668-BE54-9A1E7A4F7556}") = "CashlessRegistration.UnitTests", "src\CashlessRegistration.UnitTests\CashlessRegistration.UnitTests.csproj", "{735B7001-245A-4985-A65D-BD7B168E56E2}"
EndProject
Project("{9A19103F-16F7-4668-BE54-9A1E7A4F7556}") = "CashlessRegistration.Application", "src\CashlessRegistration.Application\CashlessRegistration.Application.csproj", "{0FAAE1CC-30DE-4DA9-9ACD-49C562DBBC1B}"
EndProject
Project("{9A19103F-16F7-4668-BE54-9A1E7A4F7556}") = "CashlessRegistration.Infrastructure", "src\CashlessRegistration.Infrastructure\CashlessRegistration.Infrastructure.csproj", "{C569B33E-1333-467A-B335-9F4A832F731A}"
EndProject
Project("{2150E333-8FDC-42A3-9474-1A3956D46DE8}") = "docker", "docker", "{8A0202E5-48DB-4BA5-946D-9E3130B33ECE}"
	ProjectSection(SolutionItems) = preProject
		..\docker-compose.yml = ..\docker-compose.yml
	EndProjectSection
EndProject
Global
	GlobalSection(SolutionConfigurationPlatforms) = preSolution
		Debug|Any CPU = Debug|Any CPU
		Release|Any CPU = Release|Any CPU
	EndGlobalSection
	GlobalSection(ProjectConfigurationPlatforms) = postSolution
		{163F2E97-4373-4142-9EF2-573FB9413051}.Debug|Any CPU.ActiveCfg = Debug|Any CPU
		{163F2E97-4373-4142-9EF2-573FB9413051}.Debug|Any CPU.Build.0 = Debug|Any CPU
		{163F2E97-4373-4142-9EF2-573FB9413051}.Release|Any CPU.ActiveCfg = Release|Any CPU
		{163F2E97-4373-4142-9EF2-573FB9413051}.Release|Any CPU.Build.0 = Release|Any CPU
		{6022CB64-9C6B-4029-856A-1EB782DF3E9C}.Debug|Any CPU.ActiveCfg = Debug|Any CPU
		{6022CB64-9C6B-4029-856A-1EB782DF3E9C}.Debug|Any CPU.Build.0 = Debug|Any CPU
		{6022CB64-9C6B-4029-856A-1EB782DF3E9C}.Release|Any CPU.ActiveCfg = Release|Any CPU
		{6022CB64-9C6B-4029-856A-1EB782DF3E9C}.Release|Any CPU.Build.0 = Release|Any CPU
		{82D1C188-43B4-4FA4-924B-375DD80253C8}.Debug|Any CPU.ActiveCfg = Debug|Any CPU
		{82D1C188-43B4-4FA4-924B-375DD80253C8}.Debug|Any CPU.Build.0 = Debug|Any CPU
		{82D1C188-43B4-4FA4-924B-375DD80253C8}.Release|Any CPU.ActiveCfg = Release|Any CPU
		{82D1C188-43B4-4FA4-924B-375DD80253C8}.Release|Any CPU.Build.0 = Release|Any CPU
		{735B7001-245A-4985-A65D-BD7B168E56E2}.Debug|Any CPU.ActiveCfg = Debug|Any CPU
		{735B7001-245A-4985-A65D-BD7B168E56E2}.Debug|Any CPU.Build.0 = Debug|Any CPU
		{735B7001-245A-4985-A65D-BD7B168E56E2}.Release|Any CPU.ActiveCfg = Release|Any CPU
		{735B7001-245A-4985-A65D-BD7B168E56E2}.Release|Any CPU.Build.0 = Release|Any CPU
		{0FAAE1CC-30DE-4DA9-9ACD-49C562DBBC1B}.Debug|Any CPU.ActiveCfg = Debug|Any CPU
		{0FAAE1CC-30DE-4DA9-9ACD-49C562DBBC1B}.Debug|Any CPU.Build.0 = Debug|Any CPU
		{0FAAE1CC-30DE-4DA9-9ACD-49C562DBBC1B}.Release|Any CPU.ActiveCfg = Release|Any CPU
		{0FAAE1CC-30DE-4DA9-9ACD-49C562DBBC1B}.Release|Any CPU.Build.0 = Release|Any CPU
		{C569B33E-1333-467A-B335-9F4A832F731A}.Debug|Any CPU.ActiveCfg = Debug|Any CPU
		{C569B33E-1333-467A-B335-9F4A832F731A}.Debug|Any CPU.Build.0 = Debug|Any CPU
		{C569B33E-1333-467A-B335-9F4A832F731A}.Release|Any CPU.ActiveCfg = Release|Any CPU
		{C569B33E-1333-467A-B335-9F4A832F731A}.Release|Any CPU.Build.0 = Release|Any CPU
	EndGlobalSection
	GlobalSection(SolutionProperties) = preSolution
		HideSolutionNode = FALSE
	EndGlobalSection
	GlobalSection(NestedProjects) = preSolution
		{82D1C188-43B4-4FA4-924B-375DD80253C8} = {F4926ED8-86B2-4FC6-9E42-3B569D4CB076}
		{735B7001-245A-4985-A65D-BD7B168E56E2} = {F4926ED8-86B2-4FC6-9E42-3B569D4CB076}
		{0FAAE1CC-30DE-4DA9-9ACD-49C562DBBC1B} = {F4926ED8-86B2-4FC6-9E42-3B569D4CB076}
		{C569B33E-1333-467A-B335-9F4A832F731A} = {F4926ED8-86B2-4FC6-9E42-3B569D4CB076}
	EndGlobalSection
	GlobalSection(ExtensibilityGlobals) = postSolution
		SolutionGuid = {FB002193-AD36-4EAF-ABD9-D8DE8BF995D5}
	EndGlobalSection
EndGlobal
